// !$*UTF8*$!
{
	archiveVersion = 1;
	classes = {
	};
	objectVersion = 56;
	objects = {

/* Begin PBXBuildFile section */
		AA483F4F2923E897003A6A3E /* P10951.swift in Sources */ = {isa = PBXBuildFile; fileRef = AA483F4E2923E897003A6A3E /* P10951.swift */; };
		AA483F512923EA3B003A6A3E /* P1110.swift in Sources */ = {isa = PBXBuildFile; fileRef = AA483F502923EA3B003A6A3E /* P1110.swift */; };
		AA483F532923F07A003A6A3E /* P10807.swift in Sources */ = {isa = PBXBuildFile; fileRef = AA483F522923F07A003A6A3E /* P10807.swift */; };
		AA483F552923F1CE003A6A3E /* P10871.swift in Sources */ = {isa = PBXBuildFile; fileRef = AA483F542923F1CE003A6A3E /* P10871.swift */; };
		AA483F572923F51D003A6A3E /* P10818.swift in Sources */ = {isa = PBXBuildFile; fileRef = AA483F562923F51D003A6A3E /* P10818.swift */; };
		AA483F592923F621003A6A3E /* P2562.swift in Sources */ = {isa = PBXBuildFile; fileRef = AA483F582923F621003A6A3E /* P2562.swift */; };
		AA483F5D2923F75C003A6A3E /* P5597.swift in Sources */ = {isa = PBXBuildFile; fileRef = AA483F5C2923F75C003A6A3E /* P5597.swift */; };
		AA483F5F2923FD88003A6A3E /* P3052.swift in Sources */ = {isa = PBXBuildFile; fileRef = AA483F5E2923FD88003A6A3E /* P3052.swift */; };
		AA483F612923FFD6003A6A3E /* P1546.swift in Sources */ = {isa = PBXBuildFile; fileRef = AA483F602923FFD6003A6A3E /* P1546.swift */; };
		AA483F6329240188003A6A3E /* P8958.swift in Sources */ = {isa = PBXBuildFile; fileRef = AA483F6229240188003A6A3E /* P8958.swift */; };
		AA483F65292404F3003A6A3E /* P4344.swift in Sources */ = {isa = PBXBuildFile; fileRef = AA483F64292404F3003A6A3E /* P4344.swift */; };
		AA70D6FA293405490046B6B9 /* P24416.swift in Sources */ = {isa = PBXBuildFile; fileRef = AA70D6F9293405490046B6B9 /* P24416.swift */; };
		AA70D6FC293410F20046B6B9 /* P16395.swift in Sources */ = {isa = PBXBuildFile; fileRef = AA70D6FB293410F20046B6B9 /* P16395.swift */; };
		AA70D6FE293421150046B6B9 /* P11053.swift in Sources */ = {isa = PBXBuildFile; fileRef = AA70D6FD293421150046B6B9 /* P11053.swift */; };
		AA7DF3942937876C00A1178A /* P4673.swift in Sources */ = {isa = PBXBuildFile; fileRef = AA7DF3932937876C00A1178A /* P4673.swift */; };
		AA7DF3962938DB4200A1178A /* P1065.swift in Sources */ = {isa = PBXBuildFile; fileRef = AA7DF3952938DB4200A1178A /* P1065.swift */; };
		AA7DF398293A343B00A1178A /* P11654.swift in Sources */ = {isa = PBXBuildFile; fileRef = AA7DF397293A343B00A1178A /* P11654.swift */; };
		AA7DF39A293A351300A1178A /* P11720.swift in Sources */ = {isa = PBXBuildFile; fileRef = AA7DF399293A351300A1178A /* P11720.swift */; };
		AA7DF39C293A555800A1178A /* P10809.swift in Sources */ = {isa = PBXBuildFile; fileRef = AA7DF39B293A555800A1178A /* P10809.swift */; };
		AA7DF39E293A594600A1178A /* P2675.swift in Sources */ = {isa = PBXBuildFile; fileRef = AA7DF39D293A594600A1178A /* P2675.swift */; };
		AA7DF3A0293A5BC200A1178A /* P1157.swift in Sources */ = {isa = PBXBuildFile; fileRef = AA7DF39F293A5BC200A1178A /* P1157.swift */; };
		AA7DF3A2293C308900A1178A /* P1152.swift in Sources */ = {isa = PBXBuildFile; fileRef = AA7DF3A1293C308900A1178A /* P1152.swift */; };
		AA7DF3A4293C316E00A1178A /* P2908.swift in Sources */ = {isa = PBXBuildFile; fileRef = AA7DF3A3293C316E00A1178A /* P2908.swift */; };
		AA7DF3A6293C325000A1178A /* P5622.swift in Sources */ = {isa = PBXBuildFile; fileRef = AA7DF3A5293C325000A1178A /* P5622.swift */; };
		AA7DF3A8293C355A00A1178A /* P2941.swift in Sources */ = {isa = PBXBuildFile; fileRef = AA7DF3A7293C355A00A1178A /* P2941.swift */; };
		AA7DF3AA293C3EB900A1178A /* P1316.swift in Sources */ = {isa = PBXBuildFile; fileRef = AA7DF3A9293C3EB900A1178A /* P1316.swift */; };
		AAD907C1294593F500534536 /* P1712.swift in Sources */ = {isa = PBXBuildFile; fileRef = AAD907C0294593F500534536 /* P1712.swift */; };
		AAD907C3294593F500534536 /* P2292.swift in Sources */ = {isa = PBXBuildFile; fileRef = AAD907C2294593F500534536 /* P2292.swift */; };
		AAD907C5294593F500534536 /* P1193.swift in Sources */ = {isa = PBXBuildFile; fileRef = AAD907C4294593F500534536 /* P1193.swift */; };
		AAD907C7294593F500534536 /* P2869.swift in Sources */ = {isa = PBXBuildFile; fileRef = AAD907C6294593F500534536 /* P2869.swift */; };
		AAD907C9294593F500534536 /* P10250.swift in Sources */ = {isa = PBXBuildFile; fileRef = AAD907C8294593F500534536 /* P10250.swift */; };
		AAD907CB294593F500534536 /* P2738.swift in Sources */ = {isa = PBXBuildFile; fileRef = AAD907CA294593F500534536 /* P2738.swift */; };
		AAD907CD294593F500534536 /* P2566.swift in Sources */ = {isa = PBXBuildFile; fileRef = AAD907CC294593F500534536 /* P2566.swift */; };
		AAED505429225FAE001905F6 /* main.swift in Sources */ = {isa = PBXBuildFile; fileRef = AAED505329225FAE001905F6 /* main.swift */; };
		AAED505D29226239001905F6 /* P2753.swift in Sources */ = {isa = PBXBuildFile; fileRef = AAED505C29226239001905F6 /* P2753.swift */; };
		AAED505F2922678D001905F6 /* P14681.swift in Sources */ = {isa = PBXBuildFile; fileRef = AAED505E2922678D001905F6 /* P14681.swift */; };
		AAED506129226A3F001905F6 /* P2884.swift in Sources */ = {isa = PBXBuildFile; fileRef = AAED506029226A3F001905F6 /* P2884.swift */; };
		AAED506329226D09001905F6 /* P2525.swift in Sources */ = {isa = PBXBuildFile; fileRef = AAED506229226D09001905F6 /* P2525.swift */; };
		AAED506729226F80001905F6 /* P2480.swift in Sources */ = {isa = PBXBuildFile; fileRef = AAED506629226F80001905F6 /* P2480.swift */; };
		AAED506929227395001905F6 /* P2739.swift in Sources */ = {isa = PBXBuildFile; fileRef = AAED506829227395001905F6 /* P2739.swift */; };
		AAED506B29227464001905F6 /* P10950.swift in Sources */ = {isa = PBXBuildFile; fileRef = AAED506A29227464001905F6 /* P10950.swift */; };
		AAED506F29227BCC001905F6 /* P8393.swift in Sources */ = {isa = PBXBuildFile; fileRef = AAED506E29227BCC001905F6 /* P8393.swift */; };
		AAED50712923D3FB001905F6 /* P25304.swift in Sources */ = {isa = PBXBuildFile; fileRef = AAED50702923D3FB001905F6 /* P25304.swift */; };
		AAED50732923DBBB001905F6 /* P15552.swift in Sources */ = {isa = PBXBuildFile; fileRef = AAED50722923DBBB001905F6 /* P15552.swift */; };
		AAED50752923E1B2001905F6 /* P11021.swift in Sources */ = {isa = PBXBuildFile; fileRef = AAED50742923E1B2001905F6 /* P11021.swift */; };
		AAED50792923E28B001905F6 /* P11022.swift in Sources */ = {isa = PBXBuildFile; fileRef = AAED50782923E28B001905F6 /* P11022.swift */; };
		AAED507B2923E369001905F6 /* P2438.swift in Sources */ = {isa = PBXBuildFile; fileRef = AAED507A2923E369001905F6 /* P2438.swift */; };
		AAED507F2923E4B6001905F6 /* P2439.swift in Sources */ = {isa = PBXBuildFile; fileRef = AAED507E2923E4B6001905F6 /* P2439.swift */; };
		AAED50812923E5B8001905F6 /* P10952.swift in Sources */ = {isa = PBXBuildFile; fileRef = AAED50802923E5B8001905F6 /* P10952.swift */; };
/* End PBXBuildFile section */

/* Begin PBXCopyFilesBuildPhase section */
		AAED504E29225FAE001905F6 /* CopyFiles */ = {
			isa = PBXCopyFilesBuildPhase;
			buildActionMask = 2147483647;
			dstPath = /usr/share/man/man1/;
			dstSubfolderSpec = 0;
			files = (
			);
			runOnlyForDeploymentPostprocessing = 1;
		};
/* End PBXCopyFilesBuildPhase section */

/* Begin PBXFileReference section */
		AA483F4E2923E897003A6A3E /* P10951.swift */ = {isa = PBXFileReference; lastKnownFileType = sourcecode.swift; path = P10951.swift; sourceTree = "<group>"; };
		AA483F502923EA3B003A6A3E /* P1110.swift */ = {isa = PBXFileReference; lastKnownFileType = sourcecode.swift; path = P1110.swift; sourceTree = "<group>"; };
		AA483F522923F07A003A6A3E /* P10807.swift */ = {isa = PBXFileReference; lastKnownFileType = sourcecode.swift; path = P10807.swift; sourceTree = "<group>"; };
		AA483F542923F1CE003A6A3E /* P10871.swift */ = {isa = PBXFileReference; lastKnownFileType = sourcecode.swift; path = P10871.swift; sourceTree = "<group>"; };
		AA483F562923F51D003A6A3E /* P10818.swift */ = {isa = PBXFileReference; lastKnownFileType = sourcecode.swift; path = P10818.swift; sourceTree = "<group>"; };
		AA483F582923F621003A6A3E /* P2562.swift */ = {isa = PBXFileReference; lastKnownFileType = sourcecode.swift; path = P2562.swift; sourceTree = "<group>"; };
		AA483F5C2923F75C003A6A3E /* P5597.swift */ = {isa = PBXFileReference; lastKnownFileType = sourcecode.swift; path = P5597.swift; sourceTree = "<group>"; };
		AA483F5E2923FD88003A6A3E /* P3052.swift */ = {isa = PBXFileReference; lastKnownFileType = sourcecode.swift; path = P3052.swift; sourceTree = "<group>"; };
		AA483F602923FFD6003A6A3E /* P1546.swift */ = {isa = PBXFileReference; lastKnownFileType = sourcecode.swift; path = P1546.swift; sourceTree = "<group>"; };
		AA483F6229240188003A6A3E /* P8958.swift */ = {isa = PBXFileReference; lastKnownFileType = sourcecode.swift; path = P8958.swift; sourceTree = "<group>"; };
		AA483F64292404F3003A6A3E /* P4344.swift */ = {isa = PBXFileReference; lastKnownFileType = sourcecode.swift; path = P4344.swift; sourceTree = "<group>"; };
		AA70D6F9293405490046B6B9 /* P24416.swift */ = {isa = PBXFileReference; lastKnownFileType = sourcecode.swift; path = P24416.swift; sourceTree = "<group>"; };
		AA70D6FB293410F20046B6B9 /* P16395.swift */ = {isa = PBXFileReference; lastKnownFileType = sourcecode.swift; path = P16395.swift; sourceTree = "<group>"; };
		AA70D6FD293421150046B6B9 /* P11053.swift */ = {isa = PBXFileReference; lastKnownFileType = sourcecode.swift; path = P11053.swift; sourceTree = "<group>"; };
		AA7DF3932937876C00A1178A /* P4673.swift */ = {isa = PBXFileReference; lastKnownFileType = sourcecode.swift; path = P4673.swift; sourceTree = "<group>"; };
		AA7DF3952938DB4200A1178A /* P1065.swift */ = {isa = PBXFileReference; lastKnownFileType = sourcecode.swift; path = P1065.swift; sourceTree = "<group>"; };
		AA7DF397293A343B00A1178A /* P11654.swift */ = {isa = PBXFileReference; lastKnownFileType = sourcecode.swift; path = P11654.swift; sourceTree = "<group>"; };
		AA7DF399293A351300A1178A /* P11720.swift */ = {isa = PBXFileReference; lastKnownFileType = sourcecode.swift; path = P11720.swift; sourceTree = "<group>"; };
		AA7DF39B293A555800A1178A /* P10809.swift */ = {isa = PBXFileReference; lastKnownFileType = sourcecode.swift; path = P10809.swift; sourceTree = "<group>"; };
		AA7DF39D293A594600A1178A /* P2675.swift */ = {isa = PBXFileReference; lastKnownFileType = sourcecode.swift; path = P2675.swift; sourceTree = "<group>"; };
		AA7DF39F293A5BC200A1178A /* P1157.swift */ = {isa = PBXFileReference; lastKnownFileType = sourcecode.swift; path = P1157.swift; sourceTree = "<group>"; };
		AA7DF3A1293C308900A1178A /* P1152.swift */ = {isa = PBXFileReference; lastKnownFileType = sourcecode.swift; path = P1152.swift; sourceTree = "<group>"; };
		AA7DF3A3293C316E00A1178A /* P2908.swift */ = {isa = PBXFileReference; lastKnownFileType = sourcecode.swift; path = P2908.swift; sourceTree = "<group>"; };
		AA7DF3A5293C325000A1178A /* P5622.swift */ = {isa = PBXFileReference; lastKnownFileType = sourcecode.swift; path = P5622.swift; sourceTree = "<group>"; };
		AA7DF3A7293C355A00A1178A /* P2941.swift */ = {isa = PBXFileReference; lastKnownFileType = sourcecode.swift; path = P2941.swift; sourceTree = "<group>"; };
		AA7DF3A9293C3EB900A1178A /* P1316.swift */ = {isa = PBXFileReference; lastKnownFileType = sourcecode.swift; path = P1316.swift; sourceTree = "<group>"; };
		AAD907C0294593F500534536 /* P1712.swift */ = {isa = PBXFileReference; lastKnownFileType = sourcecode.swift; path = P1712.swift; sourceTree = "<group>"; };
		AAD907C2294593F500534536 /* P2292.swift */ = {isa = PBXFileReference; lastKnownFileType = sourcecode.swift; path = P2292.swift; sourceTree = "<group>"; };
		AAD907C4294593F500534536 /* P1193.swift */ = {isa = PBXFileReference; lastKnownFileType = sourcecode.swift; path = P1193.swift; sourceTree = "<group>"; };
		AAD907C6294593F500534536 /* P2869.swift */ = {isa = PBXFileReference; lastKnownFileType = sourcecode.swift; path = P2869.swift; sourceTree = "<group>"; };
		AAD907C8294593F500534536 /* P10250.swift */ = {isa = PBXFileReference; lastKnownFileType = sourcecode.swift; path = P10250.swift; sourceTree = "<group>"; };
		AAD907CA294593F500534536 /* P2738.swift */ = {isa = PBXFileReference; lastKnownFileType = sourcecode.swift; path = P2738.swift; sourceTree = "<group>"; };
		AAD907CC294593F500534536 /* P2566.swift */ = {isa = PBXFileReference; lastKnownFileType = sourcecode.swift; path = P2566.swift; sourceTree = "<group>"; };
		AAED505029225FAE001905F6 /* problem-solving */ = {isa = PBXFileReference; explicitFileType = "compiled.mach-o.executable"; includeInIndex = 0; path = "problem-solving"; sourceTree = BUILT_PRODUCTS_DIR; };
		AAED505329225FAE001905F6 /* main.swift */ = {isa = PBXFileReference; lastKnownFileType = sourcecode.swift; path = main.swift; sourceTree = "<group>"; };
		AAED505C29226239001905F6 /* P2753.swift */ = {isa = PBXFileReference; lastKnownFileType = sourcecode.swift; path = P2753.swift; sourceTree = "<group>"; };
		AAED505E2922678D001905F6 /* P14681.swift */ = {isa = PBXFileReference; lastKnownFileType = sourcecode.swift; path = P14681.swift; sourceTree = "<group>"; };
		AAED506029226A3F001905F6 /* P2884.swift */ = {isa = PBXFileReference; lastKnownFileType = sourcecode.swift; path = P2884.swift; sourceTree = "<group>"; };
		AAED506229226D09001905F6 /* P2525.swift */ = {isa = PBXFileReference; lastKnownFileType = sourcecode.swift; path = P2525.swift; sourceTree = "<group>"; };
		AAED506629226F80001905F6 /* P2480.swift */ = {isa = PBXFileReference; lastKnownFileType = sourcecode.swift; path = P2480.swift; sourceTree = "<group>"; };
		AAED506829227395001905F6 /* P2739.swift */ = {isa = PBXFileReference; lastKnownFileType = sourcecode.swift; path = P2739.swift; sourceTree = "<group>"; };
		AAED506A29227464001905F6 /* P10950.swift */ = {isa = PBXFileReference; lastKnownFileType = sourcecode.swift; path = P10950.swift; sourceTree = "<group>"; };
		AAED506E29227BCC001905F6 /* P8393.swift */ = {isa = PBXFileReference; lastKnownFileType = sourcecode.swift; path = P8393.swift; sourceTree = "<group>"; };
		AAED50702923D3FB001905F6 /* P25304.swift */ = {isa = PBXFileReference; lastKnownFileType = sourcecode.swift; path = P25304.swift; sourceTree = "<group>"; };
		AAED50722923DBBB001905F6 /* P15552.swift */ = {isa = PBXFileReference; lastKnownFileType = sourcecode.swift; path = P15552.swift; sourceTree = "<group>"; };
		AAED50742923E1B2001905F6 /* P11021.swift */ = {isa = PBXFileReference; lastKnownFileType = sourcecode.swift; path = P11021.swift; sourceTree = "<group>"; };
		AAED50782923E28B001905F6 /* P11022.swift */ = {isa = PBXFileReference; lastKnownFileType = sourcecode.swift; path = P11022.swift; sourceTree = "<group>"; };
		AAED507A2923E369001905F6 /* P2438.swift */ = {isa = PBXFileReference; lastKnownFileType = sourcecode.swift; path = P2438.swift; sourceTree = "<group>"; };
		AAED507E2923E4B6001905F6 /* P2439.swift */ = {isa = PBXFileReference; lastKnownFileType = sourcecode.swift; path = P2439.swift; sourceTree = "<group>"; };
		AAED50802923E5B8001905F6 /* P10952.swift */ = {isa = PBXFileReference; lastKnownFileType = sourcecode.swift; path = P10952.swift; sourceTree = "<group>"; };
/* End PBXFileReference section */

/* Begin PBXFrameworksBuildPhase section */
		AAED504D29225FAE001905F6 /* Frameworks */ = {
			isa = PBXFrameworksBuildPhase;
			buildActionMask = 2147483647;
			files = (
			);
			runOnlyForDeploymentPostprocessing = 0;
		};
/* End PBXFrameworksBuildPhase section */

/* Begin PBXGroup section */
		AAED504729225FAD001905F6 = {
			isa = PBXGroup;
			children = (
				AAED505229225FAE001905F6 /* problem-solving */,
				AAED505129225FAE001905F6 /* Products */,
			);
			sourceTree = "<group>";
		};
		AAED505129225FAE001905F6 /* Products */ = {
			isa = PBXGroup;
			children = (
				AAED505029225FAE001905F6 /* problem-solving */,
			);
			name = Products;
			sourceTree = "<group>";
		};
		AAED505229225FAE001905F6 /* problem-solving */ = {
			isa = PBXGroup;
			children = (
				AAED505329225FAE001905F6 /* main.swift */,
				AAED505B292261C4001905F6 /* BOJ */,
			);
			path = "problem-solving";
			sourceTree = "<group>";
		};
		AAED505B292261C4001905F6 /* BOJ */ = {
			isa = PBXGroup;
			children = (
				AAED507D2923E432001905F6 /* Retry */,
				AAED507C2923E42C001905F6 /* Solved */,
			);
			path = BOJ;
			sourceTree = "<group>";
		};
		AAED507C2923E42C001905F6 /* Solved */ = {
			isa = PBXGroup;
			children = (
				AA7DF3952938DB4200A1178A /* P1065.swift */,
				AA483F502923EA3B003A6A3E /* P1110.swift */,
				AA7DF3A1293C308900A1178A /* P1152.swift */,
				AA7DF39F293A5BC200A1178A /* P1157.swift */,
				AAD907C4294593F500534536 /* P1193.swift */,
				AA7DF3A9293C3EB900A1178A /* P1316.swift */,
				AA483F602923FFD6003A6A3E /* P1546.swift */,
				AAD907C0294593F500534536 /* P1712.swift */,
				AAD907C2294593F500534536 /* P2292.swift */,
				AAED507A2923E369001905F6 /* P2438.swift */,
				AAED507E2923E4B6001905F6 /* P2439.swift */,
				AAED506629226F80001905F6 /* P2480.swift */,
				AAED506229226D09001905F6 /* P2525.swift */,
				AA483F582923F621003A6A3E /* P2562.swift */,
				AAD907CC294593F500534536 /* P2566.swift */,
				AA7DF39D293A594600A1178A /* P2675.swift */,
				AAD907CA294593F500534536 /* P2738.swift */,
				AAED506829227395001905F6 /* P2739.swift */,
				AAED505C29226239001905F6 /* P2753.swift */,
				AAD907C6294593F500534536 /* P2869.swift */,
				AAED506029226A3F001905F6 /* P2884.swift */,
				AA7DF3A3293C316E00A1178A /* P2908.swift */,
				AA7DF3A7293C355A00A1178A /* P2941.swift */,
				AA483F5E2923FD88003A6A3E /* P3052.swift */,
				AA483F64292404F3003A6A3E /* P4344.swift */,
				AA7DF3932937876C00A1178A /* P4673.swift */,
				AA483F5C2923F75C003A6A3E /* P5597.swift */,
				AA7DF3A5293C325000A1178A /* P5622.swift */,
				AAED506E29227BCC001905F6 /* P8393.swift */,
				AA483F6229240188003A6A3E /* P8958.swift */,
				AAD907C8294593F500534536 /* P10250.swift */,
				AA483F522923F07A003A6A3E /* P10807.swift */,
				AA7DF39B293A555800A1178A /* P10809.swift */,
				AA483F562923F51D003A6A3E /* P10818.swift */,
				AA483F542923F1CE003A6A3E /* P10871.swift */,
				AAED506A29227464001905F6 /* P10950.swift */,
				AA483F4E2923E897003A6A3E /* P10951.swift */,
				AAED50802923E5B8001905F6 /* P10952.swift */,
				AAED50742923E1B2001905F6 /* P11021.swift */,
				AAED50782923E28B001905F6 /* P11022.swift */,
				AA70D6FD293421150046B6B9 /* P11053.swift */,
				AA7DF397293A343B00A1178A /* P11654.swift */,
				AA7DF399293A351300A1178A /* P11720.swift */,
				AAED505E2922678D001905F6 /* P14681.swift */,
				AA70D6FB293410F20046B6B9 /* P16395.swift */,
				AA70D6F9293405490046B6B9 /* P24416.swift */,
				AAED50702923D3FB001905F6 /* P25304.swift */,
			);
			path = Solved;
			sourceTree = "<group>";
		};
		AAED507D2923E432001905F6 /* Retry */ = {
			isa = PBXGroup;
			children = (
				AAED50722923DBBB001905F6 /* P15552.swift */,
			);
			path = Retry;
			sourceTree = "<group>";
		};
/* End PBXGroup section */

/* Begin PBXNativeTarget section */
		AAED504F29225FAE001905F6 /* problem-solving */ = {
			isa = PBXNativeTarget;
			buildConfigurationList = AAED505729225FAE001905F6 /* Build configuration list for PBXNativeTarget "problem-solving" */;
			buildPhases = (
				AAED504C29225FAE001905F6 /* Sources */,
				AAED504D29225FAE001905F6 /* Frameworks */,
				AAED504E29225FAE001905F6 /* CopyFiles */,
			);
			buildRules = (
			);
			dependencies = (
			);
			name = "problem-solving";
			productName = "problem-solving";
			productReference = AAED505029225FAE001905F6 /* problem-solving */;
			productType = "com.apple.product-type.tool";
		};
/* End PBXNativeTarget section */

/* Begin PBXProject section */
		AAED504829225FAD001905F6 /* Project object */ = {
			isa = PBXProject;
			attributes = {
				BuildIndependentTargetsInParallel = 1;
				LastSwiftUpdateCheck = 1400;
				LastUpgradeCheck = 1410;
				TargetAttributes = {
					AAED504F29225FAE001905F6 = {
						CreatedOnToolsVersion = 14.0;
					};
				};
			};
			buildConfigurationList = AAED504B29225FAE001905F6 /* Build configuration list for PBXProject "problem-solving" */;
			compatibilityVersion = "Xcode 14.0";
			developmentRegion = en;
			hasScannedForEncodings = 0;
			knownRegions = (
				en,
				Base,
			);
			mainGroup = AAED504729225FAD001905F6;
			productRefGroup = AAED505129225FAE001905F6 /* Products */;
			projectDirPath = "";
			projectRoot = "";
			targets = (
				AAED504F29225FAE001905F6 /* problem-solving */,
			);
		};
/* End PBXProject section */

/* Begin PBXSourcesBuildPhase section */
		AAED504C29225FAE001905F6 /* Sources */ = {
			isa = PBXSourcesBuildPhase;
			buildActionMask = 2147483647;
			files = (
				AA483F5F2923FD88003A6A3E /* P3052.swift in Sources */,
				AAED50792923E28B001905F6 /* P11022.swift in Sources */,
				AA7DF3962938DB4200A1178A /* P1065.swift in Sources */,
				AA483F512923EA3B003A6A3E /* P1110.swift in Sources */,
				AA7DF3942937876C00A1178A /* P4673.swift in Sources */,
				AAD907C3294593F500534536 /* P2292.swift in Sources */,
				AA483F612923FFD6003A6A3E /* P1546.swift in Sources */,
				AAED50752923E1B2001905F6 /* P11021.swift in Sources */,
				AAED50732923DBBB001905F6 /* P15552.swift in Sources */,
				AA7DF3A0293A5BC200A1178A /* P1157.swift in Sources */,
				AA483F65292404F3003A6A3E /* P4344.swift in Sources */,
				AA483F552923F1CE003A6A3E /* P10871.swift in Sources */,
				AA7DF3AA293C3EB900A1178A /* P1316.swift in Sources */,
				AA7DF39E293A594600A1178A /* P2675.swift in Sources */,
				AAD907C9294593F500534536 /* P10250.swift in Sources */,
				AAED506129226A3F001905F6 /* P2884.swift in Sources */,
				AAED50712923D3FB001905F6 /* P25304.swift in Sources */,
				AAED506329226D09001905F6 /* P2525.swift in Sources */,
				AAED505429225FAE001905F6 /* main.swift in Sources */,
				AA483F592923F621003A6A3E /* P2562.swift in Sources */,
				AAD907C7294593F500534536 /* P2869.swift in Sources */,
				AAED507F2923E4B6001905F6 /* P2439.swift in Sources */,
				AAED50812923E5B8001905F6 /* P10952.swift in Sources */,
				AA483F5D2923F75C003A6A3E /* P5597.swift in Sources */,
				AAED506929227395001905F6 /* P2739.swift in Sources */,
				AA7DF3A6293C325000A1178A /* P5622.swift in Sources */,
				AAD907CB294593F500534536 /* P2738.swift in Sources */,
				AAD907CD294593F500534536 /* P2566.swift in Sources */,
				AA70D6FE293421150046B6B9 /* P11053.swift in Sources */,
				AA7DF39C293A555800A1178A /* P10809.swift in Sources */,
				AA7DF3A2293C308900A1178A /* P1152.swift in Sources */,
				AA483F572923F51D003A6A3E /* P10818.swift in Sources */,
				AAED506F29227BCC001905F6 /* P8393.swift in Sources */,
				AA483F6329240188003A6A3E /* P8958.swift in Sources */,
				AAD907C5294593F500534536 /* P1193.swift in Sources */,
				AA70D6FA293405490046B6B9 /* P24416.swift in Sources */,
				AAD907C1294593F500534536 /* P1712.swift in Sources */,
				AAED507B2923E369001905F6 /* P2438.swift in Sources */,
				AAED505F2922678D001905F6 /* P14681.swift in Sources */,
				AA7DF3A4293C316E00A1178A /* P2908.swift in Sources */,
				AA483F4F2923E897003A6A3E /* P10951.swift in Sources */,
				AAED506729226F80001905F6 /* P2480.swift in Sources */,
				AA7DF39A293A351300A1178A /* P11720.swift in Sources */,
				AAED506B29227464001905F6 /* P10950.swift in Sources */,
				AAED505D29226239001905F6 /* P2753.swift in Sources */,
				AA483F532923F07A003A6A3E /* P10807.swift in Sources */,
				AA7DF3A8293C355A00A1178A /* P2941.swift in Sources */,
				AA70D6FC293410F20046B6B9 /* P16395.swift in Sources */,
				AA7DF398293A343B00A1178A /* P11654.swift in Sources */,
			);
			runOnlyForDeploymentPostprocessing = 0;
		};
/* End PBXSourcesBuildPhase section */

/* Begin XCBuildConfiguration section */
		AAED505529225FAE001905F6 /* Debug */ = {
			isa = XCBuildConfiguration;
			buildSettings = {
				ALWAYS_SEARCH_USER_PATHS = NO;
				CLANG_ANALYZER_NONNULL = YES;
				CLANG_ANALYZER_NUMBER_OBJECT_CONVERSION = YES_AGGRESSIVE;
				CLANG_CXX_LANGUAGE_STANDARD = "gnu++20";
				CLANG_ENABLE_MODULES = YES;
				CLANG_ENABLE_OBJC_ARC = YES;
				CLANG_ENABLE_OBJC_WEAK = YES;
				CLANG_WARN_BLOCK_CAPTURE_AUTORELEASING = YES;
				CLANG_WARN_BOOL_CONVERSION = YES;
				CLANG_WARN_COMMA = YES;
				CLANG_WARN_CONSTANT_CONVERSION = YES;
				CLANG_WARN_DEPRECATED_OBJC_IMPLEMENTATIONS = YES;
				CLANG_WARN_DIRECT_OBJC_ISA_USAGE = YES_ERROR;
				CLANG_WARN_DOCUMENTATION_COMMENTS = YES;
				CLANG_WARN_EMPTY_BODY = YES;
				CLANG_WARN_ENUM_CONVERSION = YES;
				CLANG_WARN_INFINITE_RECURSION = YES;
				CLANG_WARN_INT_CONVERSION = YES;
				CLANG_WARN_NON_LITERAL_NULL_CONVERSION = YES;
				CLANG_WARN_OBJC_IMPLICIT_RETAIN_SELF = YES;
				CLANG_WARN_OBJC_LITERAL_CONVERSION = YES;
				CLANG_WARN_OBJC_ROOT_CLASS = YES_ERROR;
				CLANG_WARN_QUOTED_INCLUDE_IN_FRAMEWORK_HEADER = YES;
				CLANG_WARN_RANGE_LOOP_ANALYSIS = YES;
				CLANG_WARN_STRICT_PROTOTYPES = YES;
				CLANG_WARN_SUSPICIOUS_MOVE = YES;
				CLANG_WARN_UNGUARDED_AVAILABILITY = YES_AGGRESSIVE;
				CLANG_WARN_UNREACHABLE_CODE = YES;
				CLANG_WARN__DUPLICATE_METHOD_MATCH = YES;
				COPY_PHASE_STRIP = NO;
				DEAD_CODE_STRIPPING = YES;
				DEBUG_INFORMATION_FORMAT = dwarf;
				ENABLE_STRICT_OBJC_MSGSEND = YES;
				ENABLE_TESTABILITY = YES;
				GCC_C_LANGUAGE_STANDARD = gnu11;
				GCC_DYNAMIC_NO_PIC = NO;
				GCC_NO_COMMON_BLOCKS = YES;
				GCC_OPTIMIZATION_LEVEL = 0;
				GCC_PREPROCESSOR_DEFINITIONS = (
					"DEBUG=1",
					"$(inherited)",
				);
				GCC_WARN_64_TO_32_BIT_CONVERSION = YES;
				GCC_WARN_ABOUT_RETURN_TYPE = YES_ERROR;
				GCC_WARN_UNDECLARED_SELECTOR = YES;
				GCC_WARN_UNINITIALIZED_AUTOS = YES_AGGRESSIVE;
				GCC_WARN_UNUSED_FUNCTION = YES;
				GCC_WARN_UNUSED_VARIABLE = YES;
				MACOSX_DEPLOYMENT_TARGET = 12.3;
				MTL_ENABLE_DEBUG_INFO = INCLUDE_SOURCE;
				MTL_FAST_MATH = YES;
				ONLY_ACTIVE_ARCH = YES;
				SDKROOT = macosx;
				SWIFT_ACTIVE_COMPILATION_CONDITIONS = DEBUG;
				SWIFT_OPTIMIZATION_LEVEL = "-Onone";
			};
			name = Debug;
		};
		AAED505629225FAE001905F6 /* Release */ = {
			isa = XCBuildConfiguration;
			buildSettings = {
				ALWAYS_SEARCH_USER_PATHS = NO;
				CLANG_ANALYZER_NONNULL = YES;
				CLANG_ANALYZER_NUMBER_OBJECT_CONVERSION = YES_AGGRESSIVE;
				CLANG_CXX_LANGUAGE_STANDARD = "gnu++20";
				CLANG_ENABLE_MODULES = YES;
				CLANG_ENABLE_OBJC_ARC = YES;
				CLANG_ENABLE_OBJC_WEAK = YES;
				CLANG_WARN_BLOCK_CAPTURE_AUTORELEASING = YES;
				CLANG_WARN_BOOL_CONVERSION = YES;
				CLANG_WARN_COMMA = YES;
				CLANG_WARN_CONSTANT_CONVERSION = YES;
				CLANG_WARN_DEPRECATED_OBJC_IMPLEMENTATIONS = YES;
				CLANG_WARN_DIRECT_OBJC_ISA_USAGE = YES_ERROR;
				CLANG_WARN_DOCUMENTATION_COMMENTS = YES;
				CLANG_WARN_EMPTY_BODY = YES;
				CLANG_WARN_ENUM_CONVERSION = YES;
				CLANG_WARN_INFINITE_RECURSION = YES;
				CLANG_WARN_INT_CONVERSION = YES;
				CLANG_WARN_NON_LITERAL_NULL_CONVERSION = YES;
				CLANG_WARN_OBJC_IMPLICIT_RETAIN_SELF = YES;
				CLANG_WARN_OBJC_LITERAL_CONVERSION = YES;
				CLANG_WARN_OBJC_ROOT_CLASS = YES_ERROR;
				CLANG_WARN_QUOTED_INCLUDE_IN_FRAMEWORK_HEADER = YES;
				CLANG_WARN_RANGE_LOOP_ANALYSIS = YES;
				CLANG_WARN_STRICT_PROTOTYPES = YES;
				CLANG_WARN_SUSPICIOUS_MOVE = YES;
				CLANG_WARN_UNGUARDED_AVAILABILITY = YES_AGGRESSIVE;
				CLANG_WARN_UNREACHABLE_CODE = YES;
				CLANG_WARN__DUPLICATE_METHOD_MATCH = YES;
				COPY_PHASE_STRIP = NO;
				DEAD_CODE_STRIPPING = YES;
				DEBUG_INFORMATION_FORMAT = "dwarf-with-dsym";
				ENABLE_NS_ASSERTIONS = NO;
				ENABLE_STRICT_OBJC_MSGSEND = YES;
				GCC_C_LANGUAGE_STANDARD = gnu11;
				GCC_NO_COMMON_BLOCKS = YES;
				GCC_WARN_64_TO_32_BIT_CONVERSION = YES;
				GCC_WARN_ABOUT_RETURN_TYPE = YES_ERROR;
				GCC_WARN_UNDECLARED_SELECTOR = YES;
				GCC_WARN_UNINITIALIZED_AUTOS = YES_AGGRESSIVE;
				GCC_WARN_UNUSED_FUNCTION = YES;
				GCC_WARN_UNUSED_VARIABLE = YES;
				MACOSX_DEPLOYMENT_TARGET = 12.3;
				MTL_ENABLE_DEBUG_INFO = NO;
				MTL_FAST_MATH = YES;
				SDKROOT = macosx;
				SWIFT_COMPILATION_MODE = wholemodule;
				SWIFT_OPTIMIZATION_LEVEL = "-O";
			};
			name = Release;
		};
		AAED505829225FAE001905F6 /* Debug */ = {
			isa = XCBuildConfiguration;
			buildSettings = {
				CODE_SIGN_IDENTITY = "-";
				CODE_SIGN_STYLE = Automatic;
				DEAD_CODE_STRIPPING = YES;
				DEVELOPMENT_TEAM = V5CFURAVD9;
				ENABLE_HARDENED_RUNTIME = YES;
				PRODUCT_NAME = "$(TARGET_NAME)";
				SWIFT_VERSION = 5.0;
			};
			name = Debug;
		};
		AAED505929225FAE001905F6 /* Release */ = {
			isa = XCBuildConfiguration;
			buildSettings = {
				CODE_SIGN_IDENTITY = "-";
				CODE_SIGN_STYLE = Automatic;
				DEAD_CODE_STRIPPING = YES;
				DEVELOPMENT_TEAM = V5CFURAVD9;
				ENABLE_HARDENED_RUNTIME = YES;
				PRODUCT_NAME = "$(TARGET_NAME)";
				SWIFT_VERSION = 5.0;
			};
			name = Release;
		};
/* End XCBuildConfiguration section */

/* Begin XCConfigurationList section */
		AAED504B29225FAE001905F6 /* Build configuration list for PBXProject "problem-solving" */ = {
			isa = XCConfigurationList;
			buildConfigurations = (
				AAED505529225FAE001905F6 /* Debug */,
				AAED505629225FAE001905F6 /* Release */,
			);
			defaultConfigurationIsVisible = 0;
			defaultConfigurationName = Release;
		};
		AAED505729225FAE001905F6 /* Build configuration list for PBXNativeTarget "problem-solving" */ = {
			isa = XCConfigurationList;
			buildConfigurations = (
				AAED505829225FAE001905F6 /* Debug */,
				AAED505929225FAE001905F6 /* Release */,
			);
			defaultConfigurationIsVisible = 0;
			defaultConfigurationName = Release;
		};
/* End XCConfigurationList section */
	};
	rootObject = AAED504829225FAD001905F6 /* Project object */;
}
